
Microsoft Visual Studio Solution File, Format Version 12.00
# Visual Studio Version 17
VisualStudioVersion = 17.3.32519.111
MinimumVisualStudioVersion = 10.0.40219.1
Project("{FAE04EC0-301F-11D3-BF4B-00C04F79EFBC}") = "ReplacingText", "ReplacingText\ReplacingText.csproj", "{70D39A53-FA3D-4C61-82EE-4858BF56216A}"
EndProject
Global
	GlobalSection(SolutionConfigurationPlatforms) = preSolution
		Debug|Any CPU = Debug|Any CPU
		Release|Any CPU = Release|Any CPU
	EndGlobalSection
	GlobalSection(ProjectConfigurationPlatforms) = postSolution
		{70D39A53-FA3D-4C61-82EE-4858BF56216A}.Debug|Any CPU.ActiveCfg = Debug|Any CPU
		{70D39A53-FA3D-4C61-82EE-4858BF56216A}.Debug|Any CPU.Build.0 = Debug|Any CPU
		{70D39A53-FA3D-4C61-82EE-4858BF56216A}.Release|Any CPU.ActiveCfg = Release|Any CPU
		{70D39A53-FA3D-4C61-82EE-4858BF56216A}.Release|Any CPU.Build.0 = Release|Any CPU
	EndGlobalSection
	GlobalSection(SolutionProperties) = preSolution
		HideSolutionNode = FALSE
	EndGlobalSection
	GlobalSection(ExtensibilityGlobals) = postSolution
		SolutionGuid = {5087A081-24FB-47CA-8AAA-C43EF6AD415C}
	EndGlobalSection
EndGlobal
